
Microsoft Visual Studio Solution File, Format Version 12.00
# Visual Studio Version 17
VisualStudioVersion = 17.5.33424.131
MinimumVisualStudioVersion = 10.0.40219.1
Project("{FAE04EC0-301F-11D3-BF4B-00C04F79EFBC}") = "Practice.WebApi", "Practice.WebApi\Practice.WebApi.csproj", "{67A39818-3938-4462-B1B2-CEA008CE252F}"
EndProject
Global
	GlobalSection(SolutionConfigurationPlatforms) = preSolution
		Debug|Any CPU = Debug|Any CPU
		Release|Any CPU = Release|Any CPU
	EndGlobalSection
	GlobalSection(ProjectConfigurationPlatforms) = postSolution
		{67A39818-3938-4462-B1B2-CEA008CE252F}.Debug|Any CPU.ActiveCfg = Debug|Any CPU
		{67A39818-3938-4462-B1B2-CEA008CE252F}.Debug|Any CPU.Build.0 = Debug|Any CPU
		{67A39818-3938-4462-B1B2-CEA008CE252F}.Release|Any CPU.ActiveCfg = Release|Any CPU
		{67A39818-3938-4462-B1B2-CEA008CE252F}.Release|Any CPU.Build.0 = Release|Any CPU
	EndGlobalSection
	GlobalSection(SolutionProperties) = preSolution
		HideSolutionNode = FALSE
	EndGlobalSection
	GlobalSection(ExtensibilityGlobals) = postSolution
		SolutionGuid = {3B64036D-EFA4-468F-AA9D-5A19AF548E1C}
	EndGlobalSection
EndGlobal
